// !$*UTF8*$!
{
	archiveVersion = 1;
	classes = {
	};
	objectVersion = 46;
	objects = {

/* Begin PBXBuildFile section */
		FE26D0141E48D66A005E120D /* IntNode.cpp in Sources */ = {isa = PBXBuildFile; fileRef = FE26D0121E48D66A005E120D /* IntNode.cpp */; };
		FE5F52FE1E4B730200C80194 /* IntNodeArray.cpp in Sources */ = {isa = PBXBuildFile; fileRef = FE5F52FC1E4B730200C80194 /* IntNodeArray.cpp */; };
		FEED0B151E4CBCE9008257AB /* StructureController.cpp in Sources */ = {isa = PBXBuildFile; fileRef = FEED0B131E4CBCE9008257AB /* StructureController.cpp */; };
		FEED0B171E4CBD04008257AB /* Runner.cpp in Sources */ = {isa = PBXBuildFile; fileRef = FEED0B161E4CBD04008257AB /* Runner.cpp */; };
/* End PBXBuildFile section */

/* Begin PBXCopyFilesBuildPhase section */
		FE26D0051E48D409005E120D /* CopyFiles */ = {
			isa = PBXCopyFilesBuildPhase;
			buildActionMask = 2147483647;
			dstPath = /usr/share/man/man1/;
			dstSubfolderSpec = 0;
			files = (
			);
			runOnlyForDeploymentPostprocessing = 1;
		};
/* End PBXCopyFilesBuildPhase section */

/* Begin PBXFileReference section */
		FE26D0071E48D409005E120D /* MegaProject */ = {isa = PBXFileReference; explicitFileType = "compiled.mach-o.executable"; includeInIndex = 0; path = MegaProject; sourceTree = BUILT_PRODUCTS_DIR; };
		FE26D0121E48D66A005E120D /* IntNode.cpp */ = {isa = PBXFileReference; fileEncoding = 4; lastKnownFileType = sourcecode.cpp.cpp; path = IntNode.cpp; sourceTree = "<group>"; };
		FE26D0131E48D66A005E120D /* IntNode.hpp */ = {isa = PBXFileReference; fileEncoding = 4; lastKnownFileType = sourcecode.cpp.h; path = IntNode.hpp; sourceTree = "<group>"; };
		FE5F52FC1E4B730200C80194 /* IntNodeArray.cpp */ = {isa = PBXFileReference; fileEncoding = 4; lastKnownFileType = sourcecode.cpp.cpp; path = IntNodeArray.cpp; sourceTree = "<group>"; };
		FE5F52FD1E4B730200C80194 /* IntNodeArray.hpp */ = {isa = PBXFileReference; fileEncoding = 4; lastKnownFileType = sourcecode.cpp.h; path = IntNodeArray.hpp; sourceTree = "<group>"; };
		FEED0B131E4CBCE9008257AB /* StructureController.cpp */ = {isa = PBXFileReference; fileEncoding = 4; lastKnownFileType = sourcecode.cpp.cpp; path = StructureController.cpp; sourceTree = "<group>"; };
		FEED0B141E4CBCE9008257AB /* StructureController.hpp */ = {isa = PBXFileReference; fileEncoding = 4; lastKnownFileType = sourcecode.cpp.h; path = StructureController.hpp; sourceTree = "<group>"; };
		FEED0B161E4CBD04008257AB /* Runner.cpp */ = {isa = PBXFileReference; fileEncoding = 4; lastKnownFileType = sourcecode.cpp.cpp; path = Runner.cpp; sourceTree = "<group>"; };
/* End PBXFileReference section */

/* Begin PBXFrameworksBuildPhase section */
		FE26D0041E48D409005E120D /* Frameworks */ = {
			isa = PBXFrameworksBuildPhase;
			buildActionMask = 2147483647;
			files = (
			);
			runOnlyForDeploymentPostprocessing = 0;
		};
/* End PBXFrameworksBuildPhase section */

/* Begin PBXGroup section */
		FE26CFFE1E48D409005E120D = {
			isa = PBXGroup;
			children = (
				FEED0B121E4CBCCD008257AB /* Controller */,
				FE26D0111E48D656005E120D /* Model */,
				FE26D0091E48D409005E120D /* MegaProject */,
				FE26D0081E48D409005E120D /* Products */,
			);
			sourceTree = "<group>";
		};
		FE26D0081E48D409005E120D /* Products */ = {
			isa = PBXGroup;
			children = (
				FE26D0071E48D409005E120D /* MegaProject */,
			);
			name = Products;
			sourceTree = "<group>";
		};
		FE26D0091E48D409005E120D /* MegaProject */ = {
			isa = PBXGroup;
			children = (
			);
			path = MegaProject;
			sourceTree = "<group>";
		};
		FE26D0111E48D656005E120D /* Model */ = {
			isa = PBXGroup;
			children = (
				FE26D0121E48D66A005E120D /* IntNode.cpp */,
				FE26D0131E48D66A005E120D /* IntNode.hpp */,
				FE5F52FC1E4B730200C80194 /* IntNodeArray.cpp */,
				FE5F52FD1E4B730200C80194 /* IntNodeArray.hpp */,
			);
			name = Model;
			sourceTree = "<group>";
		};
		FEED0B121E4CBCCD008257AB /* Controller */ = {
			isa = PBXGroup;
			children = (
				FEED0B131E4CBCE9008257AB /* StructureController.cpp */,
				FEED0B141E4CBCE9008257AB /* StructureController.hpp */,
				FEED0B161E4CBD04008257AB /* Runner.cpp */,
			);
			name = Controller;
			sourceTree = "<group>";
		};
/* End PBXGroup section */

/* Begin PBXNativeTarget section */
		FE26D0061E48D409005E120D /* MegaProject */ = {
			isa = PBXNativeTarget;
			buildConfigurationList = FE26D00E1E48D409005E120D /* Build configuration list for PBXNativeTarget "MegaProject" */;
			buildPhases = (
				FE26D0031E48D409005E120D /* Sources */,
				FE26D0041E48D409005E120D /* Frameworks */,
				FE26D0051E48D409005E120D /* CopyFiles */,
			);
			buildRules = (
			);
			dependencies = (
			);
			name = MegaProject;
			productName = MegaProject;
			productReference = FE26D0071E48D409005E120D /* MegaProject */;
			productType = "com.apple.product-type.tool";
		};
/* End PBXNativeTarget section */

/* Begin PBXProject section */
		FE26CFFF1E48D409005E120D /* Project object */ = {
			isa = PBXProject;
			attributes = {
				LastUpgradeCheck = 0810;
				ORGANIZATIONNAME = "Nazir, Ammar";
				TargetAttributes = {
					FE26D0061E48D409005E120D = {
						CreatedOnToolsVersion = 8.1;
						ProvisioningStyle = Automatic;
					};
				};
			};
			buildConfigurationList = FE26D0021E48D409005E120D /* Build configuration list for PBXProject "MegaProject" */;
			compatibilityVersion = "Xcode 3.2";
			developmentRegion = English;
			hasScannedForEncodings = 0;
			knownRegions = (
				en,
			);
			mainGroup = FE26CFFE1E48D409005E120D;
			productRefGroup = FE26D0081E48D409005E120D /* Products */;
			projectDirPath = "";
			projectRoot = "";
			targets = (
				FE26D0061E48D409005E120D /* MegaProject */,
			);
		};
/* End PBXProject section */

/* Begin PBXSourcesBuildPhase section */
		FE26D0031E48D409005E120D /* Sources */ = {
			isa = PBXSourcesBuildPhase;
			buildActionMask = 2147483647;
			files = (
				FE26D0141E48D66A005E120D /* IntNode.cpp in Sources */,
				FEED0B171E4CBD04008257AB /* Runner.cpp in Sources */,
				FEED0B151E4CBCE9008257AB /* StructureController.cpp in Sources */,
				FE5F52FE1E4B730200C80194 /* IntNodeArray.cpp in Sources */,
			);
			runOnlyForDeploymentPostprocessing = 0;
		};
/* End PBXSourcesBuildPhase section */

/* Begin XCBuildConfiguration section */
		FE26D00C1E48D409005E120D /* Debug */ = {
			isa = XCBuildConfiguration;
			buildSettings = {
				ALWAYS_SEARCH_USER_PATHS = NO;
				CLANG_ANALYZER_NONNULL = YES;
				CLANG_CXX_LANGUAGE_STANDARD = "gnu++0x";
				CLANG_CXX_LIBRARY = "libc++";
				CLANG_ENABLE_MODULES = YES;
				CLANG_ENABLE_OBJC_ARC = YES;
				CLANG_WARN_BOOL_CONVERSION = YES;
				CLANG_WARN_CONSTANT_CONVERSION = YES;
				CLANG_WARN_DIRECT_OBJC_ISA_USAGE = YES_ERROR;
				CLANG_WARN_DOCUMENTATION_COMMENTS = YES;
				CLANG_WARN_EMPTY_BODY = YES;
				CLANG_WARN_ENUM_CONVERSION = YES;
				CLANG_WARN_INFINITE_RECURSION = YES;
				CLANG_WARN_INT_CONVERSION = YES;
				CLANG_WARN_OBJC_ROOT_CLASS = YES_ERROR;
				CLANG_WARN_SUSPICIOUS_MOVES = YES;
				CLANG_WARN_UNREACHABLE_CODE = YES;
				CLANG_WARN__DUPLICATE_METHOD_MATCH = YES;
				CODE_SIGN_IDENTITY = "-";
				COPY_PHASE_STRIP = NO;
				DEBUG_INFORMATION_FORMAT = dwarf;
				ENABLE_STRICT_OBJC_MSGSEND = YES;
				ENABLE_TESTABILITY = YES;
				GCC_C_LANGUAGE_STANDARD = gnu99;
				GCC_DYNAMIC_NO_PIC = NO;
				GCC_NO_COMMON_BLOCKS = YES;
				GCC_OPTIMIZATION_LEVEL = 0;
				GCC_PREPROCESSOR_DEFINITIONS = (
					"DEBUG=1",
					"$(inherited)",
				);
				GCC_WARN_64_TO_32_BIT_CONVERSION = YES;
				GCC_WARN_ABOUT_RETURN_TYPE = YES_ERROR;
				GCC_WARN_UNDECLARED_SELECTOR = YES;
				GCC_WARN_UNINITIALIZED_AUTOS = YES_AGGRESSIVE;
				GCC_WARN_UNUSED_FUNCTION = YES;
				GCC_WARN_UNUSED_VARIABLE = YES;
				MACOSX_DEPLOYMENT_TARGET = 10.11;
				MTL_ENABLE_DEBUG_INFO = YES;
				ONLY_ACTIVE_ARCH = YES;
				SDKROOT = macosx;
			};
			name = Debug;
		};
		FE26D00D1E48D409005E120D /* Release */ = {
			isa = XCBuildConfiguration;
			buildSettings = {
				ALWAYS_SEARCH_USER_PATHS = NO;
				CLANG_ANALYZER_NONNULL = YES;
				CLANG_CXX_LANGUAGE_STANDARD = "gnu++0x";
				CLANG_CXX_LIBRARY = "libc++";
				CLANG_ENABLE_MODULES = YES;
				CLANG_ENABLE_OBJC_ARC = YES;
				CLANG_WARN_BOOL_CONVERSION = YES;
				CLANG_WARN_CONSTANT_CONVERSION = YES;
				CLANG_WARN_DIRECT_OBJC_ISA_USAGE = YES_ERROR;
				CLANG_WARN_DOCUMENTATION_COMMENTS = YES;
				CLANG_WARN_EMPTY_BODY = YES;
				CLANG_WARN_ENUM_CONVERSION = YES;
				CLANG_WARN_INFINITE_RECURSION = YES;
				CLANG_WARN_INT_CONVERSION = YES;
				CLANG_WARN_OBJC_ROOT_CLASS = YES_ERROR;
				CLANG_WARN_SUSPICIOUS_MOVES = YES;
				CLANG_WARN_UNREACHABLE_CODE = YES;
				CLANG_WARN__DUPLICATE_METHOD_MATCH = YES;
				CODE_SIGN_IDENTITY = "-";
				COPY_PHASE_STRIP = NO;
				DEBUG_INFORMATION_FORMAT = "dwarf-with-dsym";
				ENABLE_NS_ASSERTIONS = NO;
				ENABLE_STRICT_OBJC_MSGSEND = YES;
				GCC_C_LANGUAGE_STANDARD = gnu99;
				GCC_NO_COMMON_BLOCKS = YES;
				GCC_WARN_64_TO_32_BIT_CONVERSION = YES;
				GCC_WARN_ABOUT_RETURN_TYPE = YES_ERROR;
				GCC_WARN_UNDECLARED_SELECTOR = YES;
				GCC_WARN_UNINITIALIZED_AUTOS = YES_AGGRESSIVE;
				GCC_WARN_UNUSED_FUNCTION = YES;
				GCC_WARN_UNUSED_VARIABLE = YES;
				MACOSX_DEPLOYMENT_TARGET = 10.11;
				MTL_ENABLE_DEBUG_INFO = NO;
				SDKROOT = macosx;
			};
			name = Release;
		};
		FE26D00F1E48D409005E120D /* Debug */ = {
			isa = XCBuildConfiguration;
			buildSettings = {
				PRODUCT_NAME = "$(TARGET_NAME)";
			};
			name = Debug;
		};
		FE26D0101E48D409005E120D /* Release */ = {
			isa = XCBuildConfiguration;
			buildSettings = {
				PRODUCT_NAME = "$(TARGET_NAME)";
			};
			name = Release;
		};
/* End XCBuildConfiguration section */

/* Begin XCConfigurationList section */
		FE26D0021E48D409005E120D /* Build configuration list for PBXProject "MegaProject" */ = {
			isa = XCConfigurationList;
			buildConfigurations = (
				FE26D00C1E48D409005E120D /* Debug */,
				FE26D00D1E48D409005E120D /* Release */,
			);
			defaultConfigurationIsVisible = 0;
			defaultConfigurationName = Release;
		};
		FE26D00E1E48D409005E120D /* Build configuration list for PBXNativeTarget "MegaProject" */ = {
			isa = XCConfigurationList;
			buildConfigurations = (
				FE26D00F1E48D409005E120D /* Debug */,
				FE26D0101E48D409005E120D /* Release */,
			);
			defaultConfigurationIsVisible = 0;
			defaultConfigurationName = Release;
		};
/* End XCConfigurationList section */
	};
	rootObject = FE26CFFF1E48D409005E120D /* Project object */;
}
